
Microsoft Visual Studio Solution File, Format Version 12.00
# Visual Studio Version 16
VisualStudioVersion = 16.0.31911.196
MinimumVisualStudioVersion = 10.0.40219.1
Project("{FAE04EC0-301F-11D3-BF4B-00C04F79EFBC}") = "WpfApp17", "WpfApp17\WpfApp17.csproj", "{B003E382-2234-445D-B2E1-FD67C8C2BDDF}"
EndProject
Global
	GlobalSection(SolutionConfigurationPlatforms) = preSolution
		Debug|Any CPU = Debug|Any CPU
		Release|Any CPU = Release|Any CPU
	EndGlobalSection
	GlobalSection(ProjectConfigurationPlatforms) = postSolution
		{B003E382-2234-445D-B2E1-FD67C8C2BDDF}.Debug|Any CPU.ActiveCfg = Debug|Any CPU
		{B003E382-2234-445D-B2E1-FD67C8C2BDDF}.Debug|Any CPU.Build.0 = Debug|Any CPU
		{B003E382-2234-445D-B2E1-FD67C8C2BDDF}.Release|Any CPU.ActiveCfg = Release|Any CPU
		{B003E382-2234-445D-B2E1-FD67C8C2BDDF}.Release|Any CPU.Build.0 = Release|Any CPU
	EndGlobalSection
	GlobalSection(SolutionProperties) = preSolution
		HideSolutionNode = FALSE
	EndGlobalSection
	GlobalSection(ExtensibilityGlobals) = postSolution
		SolutionGuid = {930DDA2A-4C9E-4B94-859C-68EC7221346B}
	EndGlobalSection
EndGlobal
